// !$*UTF8*$!
{
	archiveVersion = 1;
	classes = {
	};
	objectVersion = 46;
	objects = {

/* Begin PBXBuildFile section */
		1D60328B1C8D52BC002E1665 /* WCBaseGoods.m in Sources */ = {isa = PBXBuildFile; fileRef = 1D60328A1C8D52BC002E1665 /* WCBaseGoods.m */; };
		1D60328E1C8D74AE002E1665 /* WCVersion.m in Sources */ = {isa = PBXBuildFile; fileRef = 1D60328D1C8D74AE002E1665 /* WCVersion.m */; };
		1D6207551C7182000069A2E5 /* main.m in Sources */ = {isa = PBXBuildFile; fileRef = 1D6207541C7182000069A2E5 /* main.m */; };
		1D6207581C7182000069A2E5 /* AppDelegate.m in Sources */ = {isa = PBXBuildFile; fileRef = 1D6207571C7182000069A2E5 /* AppDelegate.m */; };
		1D6207601C7182000069A2E5 /* Assets.xcassets in Resources */ = {isa = PBXBuildFile; fileRef = 1D62075F1C7182000069A2E5 /* Assets.xcassets */; };
		1D6207631C7182000069A2E5 /* LaunchScreen.storyboard in Resources */ = {isa = PBXBuildFile; fileRef = 1D6207611C7182000069A2E5 /* LaunchScreen.storyboard */; };
		1D62076E1C7182000069A2E5 /* wochudemoTests.m in Sources */ = {isa = PBXBuildFile; fileRef = 1D62076D1C7182000069A2E5 /* wochudemoTests.m */; };
		1D6207791C7182000069A2E5 /* wochudemoUITests.m in Sources */ = {isa = PBXBuildFile; fileRef = 1D6207781C7182000069A2E5 /* wochudemoUITests.m */; };
		1D62078C1C71B1D50069A2E5 /* WCHomePage.storyboard in Resources */ = {isa = PBXBuildFile; fileRef = 1D62078B1C71B1D50069A2E5 /* WCHomePage.storyboard */; };
		1D6207941C71B4710069A2E5 /* WCBaseViewController.m in Sources */ = {isa = PBXBuildFile; fileRef = 1D6207931C71B4710069A2E5 /* WCBaseViewController.m */; };
		1D6207971C71B5040069A2E5 /* WCHomeViewController.m in Sources */ = {isa = PBXBuildFile; fileRef = 1D6207961C71B5040069A2E5 /* WCHomeViewController.m */; };
		1D62079A1C71B8720069A2E5 /* WCBaseNavigationViewController.m in Sources */ = {isa = PBXBuildFile; fileRef = 1D6207991C71B8720069A2E5 /* WCBaseNavigationViewController.m */; };
		1D62079D1C71C67C0069A2E5 /* WCObject.m in Sources */ = {isa = PBXBuildFile; fileRef = 1D62079C1C71C67C0069A2E5 /* WCObject.m */; };
		1D6207A01C71C6B50069A2E5 /* WCBaseViewModel.m in Sources */ = {isa = PBXBuildFile; fileRef = 1D62079F1C71C6B50069A2E5 /* WCBaseViewModel.m */; };
		1D6207A31C71C7520069A2E5 /* WCHomeViewModel.m in Sources */ = {isa = PBXBuildFile; fileRef = 1D6207A21C71C7520069A2E5 /* WCHomeViewModel.m */; };
		1D6207A71C71CF700069A2E5 /* WCHomeHeaderView.m in Sources */ = {isa = PBXBuildFile; fileRef = 1D6207A61C71CF700069A2E5 /* WCHomeHeaderView.m */; };
		1D6207AA1C71CF8F0069A2E5 /* WCHomeTitleView.m in Sources */ = {isa = PBXBuildFile; fileRef = 1D6207A91C71CF8F0069A2E5 /* WCHomeTitleView.m */; };
		1D9D6B481C966E7900DD1C27 /* WCAPPGlobal.m in Sources */ = {isa = PBXBuildFile; fileRef = 1D9D6B471C966E7900DD1C27 /* WCAPPGlobal.m */; };
		1D9D6B4B1C96A6EA00DD1C27 /* WCGoodsCell.m in Sources */ = {isa = PBXBuildFile; fileRef = 1D9D6B4A1C96A6EA00DD1C27 /* WCGoodsCell.m */; };
		1D9D6B4F1C96AC4D00DD1C27 /* WCGoodsView.m in Sources */ = {isa = PBXBuildFile; fileRef = 1D9D6B4E1C96AC4D00DD1C27 /* WCGoodsView.m */; };
		1D9D6B511C96AC7A00DD1C27 /* WCGoodsView.xib in Resources */ = {isa = PBXBuildFile; fileRef = 1D9D6B501C96AC7A00DD1C27 /* WCGoodsView.xib */; };
		1DA8C50B1C7479750031CB2F /* WCBaseActivityProgramCell.m in Sources */ = {isa = PBXBuildFile; fileRef = 1DA8C50A1C7479750031CB2F /* WCBaseActivityProgramCell.m */; };
		1DA8C50E1C7479C10031CB2F /* WCGoodsActivityProgram1Cell.m in Sources */ = {isa = PBXBuildFile; fileRef = 1DA8C50D1C7479C10031CB2F /* WCGoodsActivityProgram1Cell.m */; };
		1DA8C5121C75623A0031CB2F /* WCSeparateView.m in Sources */ = {isa = PBXBuildFile; fileRef = 1DA8C5111C75623A0031CB2F /* WCSeparateView.m */; };
		1DA8C5151C7595270031CB2F /* WCHomeActionView.m in Sources */ = {isa = PBXBuildFile; fileRef = 1DA8C5141C7595270031CB2F /* WCHomeActionView.m */; };
		1DA8C5181C75956F0031CB2F /* WCHomeAdvertView.m in Sources */ = {isa = PBXBuildFile; fileRef = 1DA8C5171C75956F0031CB2F /* WCHomeAdvertView.m */; };
		1DA8C51B1C7595B50031CB2F /* WCHomeNewsView.m in Sources */ = {isa = PBXBuildFile; fileRef = 1DA8C51A1C7595B50031CB2F /* WCHomeNewsView.m */; };
		1DA8C51E1C75A4CF0031CB2F /* WCButton.m in Sources */ = {isa = PBXBuildFile; fileRef = 1DA8C51D1C75A4CF0031CB2F /* WCButton.m */; };
		1DA8C5221C76F0C00031CB2F /* WCImageView.m in Sources */ = {isa = PBXBuildFile; fileRef = 1DA8C5211C76F0C00031CB2F /* WCImageView.m */; };
		1DA8C5251C7AA2510031CB2F /* WCThread.m in Sources */ = {isa = PBXBuildFile; fileRef = 1DA8C5241C7AA2510031CB2F /* WCThread.m */; };
		1DA8C52B1C854A210031CB2F /* WCBaseWebService.m in Sources */ = {isa = PBXBuildFile; fileRef = 1DA8C52A1C854A210031CB2F /* WCBaseWebService.m */; };
		1DA8C5301C8566F30031CB2F /* WCBaseAccess.m in Sources */ = {isa = PBXBuildFile; fileRef = 1DA8C52F1C8566F30031CB2F /* WCBaseAccess.m */; };
		1DA8C5371C86D88E0031CB2F /* NSError+WC.m in Sources */ = {isa = PBXBuildFile; fileRef = 1DA8C5361C86D88E0031CB2F /* NSError+WC.m */; };
		1DA8C53A1C86E7D00031CB2F /* WCActivityAccess.m in Sources */ = {isa = PBXBuildFile; fileRef = 1DA8C5391C86E7D00031CB2F /* WCActivityAccess.m */; };
		1DA8C5C91C8D21370031CB2F /* WCBaseModel.m in Sources */ = {isa = PBXBuildFile; fileRef = 1DA8C5C81C8D21370031CB2F /* WCBaseModel.m */; };
		1DCCB5011C744C8200579501 /* WCBaseTableViewCell.m in Sources */ = {isa = PBXBuildFile; fileRef = 1DCCB5001C744C8200579501 /* WCBaseTableViewCell.m */; };
		1DDF6B001C8D2F2800733FD8 /* WCAdvertising.m in Sources */ = {isa = PBXBuildFile; fileRef = 1DDF6AFF1C8D2F2800733FD8 /* WCAdvertising.m */; };
		1DECB3D51CA0F5E200AA8291 /* WCGoodsActivityProgram2Cell.m in Sources */ = {isa = PBXBuildFile; fileRef = 1DECB3D41CA0F5E200AA8291 /* WCGoodsActivityProgram2Cell.m */; };
		1DECB3D81CA0F5F900AA8291 /* WCGoodsActivityProgram3Cell.m in Sources */ = {isa = PBXBuildFile; fileRef = 1DECB3D71CA0F5F900AA8291 /* WCGoodsActivityProgram3Cell.m */; };
		1DF7E75F1C97B0C800A18C78 /* UIView+Ellipse.m in Sources */ = {isa = PBXBuildFile; fileRef = 1DF7E75E1C97B0C800A18C78 /* UIView+Ellipse.m */; };
		1DF7E7661C9F8F9F00A18C78 /* WCGoodsAction.m in Sources */ = {isa = PBXBuildFile; fileRef = 1DF7E7651C9F8F9F00A18C78 /* WCGoodsAction.m */; };
		1DF7E7691C9F8FC900A18C78 /* WCGoodsActs.m in Sources */ = {isa = PBXBuildFile; fileRef = 1DF7E7681C9F8FC900A18C78 /* WCGoodsActs.m */; };
		A6F331D64A413FCB2C900A1F /* libPods.a in Frameworks */ = {isa = PBXBuildFile; fileRef = 525322F63DA1AAE77EC41959 /* libPods.a */; };
/* End PBXBuildFile section */

/* Begin PBXContainerItemProxy section */
		1D62076A1C7182000069A2E5 /* PBXContainerItemProxy */ = {
			isa = PBXContainerItemProxy;
			containerPortal = 1D6207481C7182000069A2E5 /* Project object */;
			proxyType = 1;
			remoteGlobalIDString = 1D62074F1C7182000069A2E5;
			remoteInfo = wochudemo;
		};
		1D6207751C7182000069A2E5 /* PBXContainerItemProxy */ = {
			isa = PBXContainerItemProxy;
			containerPortal = 1D6207481C7182000069A2E5 /* Project object */;
			proxyType = 1;
			remoteGlobalIDString = 1D62074F1C7182000069A2E5;
			remoteInfo = wochudemo;
		};
/* End PBXContainerItemProxy section */

/* Begin PBXFileReference section */
		1D12DCB01C7307A500B88480 /* Macros.h */ = {isa = PBXFileReference; lastKnownFileType = sourcecode.c.h; path = Macros.h; sourceTree = "<group>"; };
		1D6032891C8D52BC002E1665 /* WCBaseGoods.h */ = {isa = PBXFileReference; fileEncoding = 4; lastKnownFileType = sourcecode.c.h; path = WCBaseGoods.h; sourceTree = "<group>"; };
		1D60328A1C8D52BC002E1665 /* WCBaseGoods.m */ = {isa = PBXFileReference; fileEncoding = 4; lastKnownFileType = sourcecode.c.objc; path = WCBaseGoods.m; sourceTree = "<group>"; };
		1D60328C1C8D74AE002E1665 /* WCVersion.h */ = {isa = PBXFileReference; fileEncoding = 4; lastKnownFileType = sourcecode.c.h; path = WCVersion.h; sourceTree = "<group>"; };
		1D60328D1C8D74AE002E1665 /* WCVersion.m */ = {isa = PBXFileReference; fileEncoding = 4; lastKnownFileType = sourcecode.c.objc; path = WCVersion.m; sourceTree = "<group>"; };
		1D6207501C7182000069A2E5 /* wochudemo.app */ = {isa = PBXFileReference; explicitFileType = wrapper.application; includeInIndex = 0; path = wochudemo.app; sourceTree = BUILT_PRODUCTS_DIR; };
		1D6207541C7182000069A2E5 /* main.m */ = {isa = PBXFileReference; lastKnownFileType = sourcecode.c.objc; path = main.m; sourceTree = "<group>"; };
		1D6207561C7182000069A2E5 /* AppDelegate.h */ = {isa = PBXFileReference; lastKnownFileType = sourcecode.c.h; path = AppDelegate.h; sourceTree = "<group>"; };
		1D6207571C7182000069A2E5 /* AppDelegate.m */ = {isa = PBXFileReference; lastKnownFileType = sourcecode.c.objc; path = AppDelegate.m; sourceTree = "<group>"; };
		1D62075F1C7182000069A2E5 /* Assets.xcassets */ = {isa = PBXFileReference; lastKnownFileType = folder.assetcatalog; path = Assets.xcassets; sourceTree = "<group>"; };
		1D6207621C7182000069A2E5 /* Base */ = {isa = PBXFileReference; lastKnownFileType = file.storyboard; name = Base; path = Base.lproj/LaunchScreen.storyboard; sourceTree = "<group>"; };
		1D6207641C7182000069A2E5 /* Info.plist */ = {isa = PBXFileReference; lastKnownFileType = text.plist.xml; path = Info.plist; sourceTree = "<group>"; };
		1D6207691C7182000069A2E5 /* wochudemoTests.xctest */ = {isa = PBXFileReference; explicitFileType = wrapper.cfbundle; includeInIndex = 0; path = wochudemoTests.xctest; sourceTree = BUILT_PRODUCTS_DIR; };
		1D62076D1C7182000069A2E5 /* wochudemoTests.m */ = {isa = PBXFileReference; lastKnownFileType = sourcecode.c.objc; path = wochudemoTests.m; sourceTree = "<group>"; };
		1D62076F1C7182000069A2E5 /* Info.plist */ = {isa = PBXFileReference; lastKnownFileType = text.plist.xml; path = Info.plist; sourceTree = "<group>"; };
		1D6207741C7182000069A2E5 /* wochudemoUITests.xctest */ = {isa = PBXFileReference; explicitFileType = wrapper.cfbundle; includeInIndex = 0; path = wochudemoUITests.xctest; sourceTree = BUILT_PRODUCTS_DIR; };
		1D6207781C7182000069A2E5 /* wochudemoUITests.m */ = {isa = PBXFileReference; lastKnownFileType = sourcecode.c.objc; path = wochudemoUITests.m; sourceTree = "<group>"; };
		1D62077A1C7182000069A2E5 /* Info.plist */ = {isa = PBXFileReference; lastKnownFileType = text.plist.xml; path = Info.plist; sourceTree = "<group>"; };
		1D62078B1C71B1D50069A2E5 /* WCHomePage.storyboard */ = {isa = PBXFileReference; fileEncoding = 4; lastKnownFileType = file.storyboard; path = WCHomePage.storyboard; sourceTree = "<group>"; };
		1D6207921C71B4710069A2E5 /* WCBaseViewController.h */ = {isa = PBXFileReference; fileEncoding = 4; lastKnownFileType = sourcecode.c.h; path = WCBaseViewController.h; sourceTree = "<group>"; };
		1D6207931C71B4710069A2E5 /* WCBaseViewController.m */ = {isa = PBXFileReference; fileEncoding = 4; lastKnownFileType = sourcecode.c.objc; path = WCBaseViewController.m; sourceTree = "<group>"; };
		1D6207951C71B5040069A2E5 /* WCHomeViewController.h */ = {isa = PBXFileReference; fileEncoding = 4; lastKnownFileType = sourcecode.c.h; path = WCHomeViewController.h; sourceTree = "<group>"; };
		1D6207961C71B5040069A2E5 /* WCHomeViewController.m */ = {isa = PBXFileReference; fileEncoding = 4; lastKnownFileType = sourcecode.c.objc; path = WCHomeViewController.m; sourceTree = "<group>"; };
		1D6207981C71B8720069A2E5 /* WCBaseNavigationViewController.h */ = {isa = PBXFileReference; fileEncoding = 4; lastKnownFileType = sourcecode.c.h; path = WCBaseNavigationViewController.h; sourceTree = "<group>"; };
		1D6207991C71B8720069A2E5 /* WCBaseNavigationViewController.m */ = {isa = PBXFileReference; fileEncoding = 4; lastKnownFileType = sourcecode.c.objc; path = WCBaseNavigationViewController.m; sourceTree = "<group>"; };
		1D62079B1C71C67C0069A2E5 /* WCObject.h */ = {isa = PBXFileReference; fileEncoding = 4; lastKnownFileType = sourcecode.c.h; path = WCObject.h; sourceTree = "<group>"; };
		1D62079C1C71C67C0069A2E5 /* WCObject.m */ = {isa = PBXFileReference; fileEncoding = 4; lastKnownFileType = sourcecode.c.objc; path = WCObject.m; sourceTree = "<group>"; };
		1D62079E1C71C6B50069A2E5 /* WCBaseViewModel.h */ = {isa = PBXFileReference; fileEncoding = 4; lastKnownFileType = sourcecode.c.h; path = WCBaseViewModel.h; sourceTree = "<group>"; };
		1D62079F1C71C6B50069A2E5 /* WCBaseViewModel.m */ = {isa = PBXFileReference; fileEncoding = 4; lastKnownFileType = sourcecode.c.objc; path = WCBaseViewModel.m; sourceTree = "<group>"; };
		1D6207A11C71C7520069A2E5 /* WCHomeViewModel.h */ = {isa = PBXFileReference; fileEncoding = 4; lastKnownFileType = sourcecode.c.h; path = WCHomeViewModel.h; sourceTree = "<group>"; };
		1D6207A21C71C7520069A2E5 /* WCHomeViewModel.m */ = {isa = PBXFileReference; fileEncoding = 4; lastKnownFileType = sourcecode.c.objc; path = WCHomeViewModel.m; sourceTree = "<group>"; };
		1D6207A51C71CF700069A2E5 /* WCHomeHeaderView.h */ = {isa = PBXFileReference; fileEncoding = 4; lastKnownFileType = sourcecode.c.h; path = WCHomeHeaderView.h; sourceTree = "<group>"; };
		1D6207A61C71CF700069A2E5 /* WCHomeHeaderView.m */ = {isa = PBXFileReference; fileEncoding = 4; lastKnownFileType = sourcecode.c.objc; path = WCHomeHeaderView.m; sourceTree = "<group>"; };
		1D6207A81C71CF8F0069A2E5 /* WCHomeTitleView.h */ = {isa = PBXFileReference; fileEncoding = 4; lastKnownFileType = sourcecode.c.h; path = WCHomeTitleView.h; sourceTree = "<group>"; };
		1D6207A91C71CF8F0069A2E5 /* WCHomeTitleView.m */ = {isa = PBXFileReference; fileEncoding = 4; lastKnownFileType = sourcecode.c.objc; path = WCHomeTitleView.m; sourceTree = "<group>"; };
		1D9D6B461C966E7900DD1C27 /* WCAPPGlobal.h */ = {isa = PBXFileReference; fileEncoding = 4; lastKnownFileType = sourcecode.c.h; path = WCAPPGlobal.h; sourceTree = "<group>"; };
		1D9D6B471C966E7900DD1C27 /* WCAPPGlobal.m */ = {isa = PBXFileReference; fileEncoding = 4; lastKnownFileType = sourcecode.c.objc; path = WCAPPGlobal.m; sourceTree = "<group>"; };
		1D9D6B491C96A6EA00DD1C27 /* WCGoodsCell.h */ = {isa = PBXFileReference; fileEncoding = 4; lastKnownFileType = sourcecode.c.h; path = WCGoodsCell.h; sourceTree = "<group>"; };
		1D9D6B4A1C96A6EA00DD1C27 /* WCGoodsCell.m */ = {isa = PBXFileReference; fileEncoding = 4; lastKnownFileType = sourcecode.c.objc; path = WCGoodsCell.m; sourceTree = "<group>"; };
		1D9D6B4D1C96AC4D00DD1C27 /* WCGoodsView.h */ = {isa = PBXFileReference; fileEncoding = 4; lastKnownFileType = sourcecode.c.h; path = WCGoodsView.h; sourceTree = "<group>"; };
		1D9D6B4E1C96AC4D00DD1C27 /* WCGoodsView.m */ = {isa = PBXFileReference; fileEncoding = 4; lastKnownFileType = sourcecode.c.objc; path = WCGoodsView.m; sourceTree = "<group>"; };
		1D9D6B501C96AC7A00DD1C27 /* WCGoodsView.xib */ = {isa = PBXFileReference; fileEncoding = 4; lastKnownFileType = file.xib; path = WCGoodsView.xib; sourceTree = "<group>"; };
		1DA8C5091C7479750031CB2F /* WCBaseActivityProgramCell.h */ = {isa = PBXFileReference; fileEncoding = 4; lastKnownFileType = sourcecode.c.h; path = WCBaseActivityProgramCell.h; sourceTree = "<group>"; };
		1DA8C50A1C7479750031CB2F /* WCBaseActivityProgramCell.m */ = {isa = PBXFileReference; fileEncoding = 4; lastKnownFileType = sourcecode.c.objc; path = WCBaseActivityProgramCell.m; sourceTree = "<group>"; };
		1DA8C50C1C7479C10031CB2F /* WCGoodsActivityProgram1Cell.h */ = {isa = PBXFileReference; fileEncoding = 4; lastKnownFileType = sourcecode.c.h; path = WCGoodsActivityProgram1Cell.h; sourceTree = "<group>"; };
		1DA8C50D1C7479C10031CB2F /* WCGoodsActivityProgram1Cell.m */ = {isa = PBXFileReference; fileEncoding = 4; lastKnownFileType = sourcecode.c.objc; path = WCGoodsActivityProgram1Cell.m; sourceTree = "<group>"; };
		1DA8C5101C75623A0031CB2F /* WCSeparateView.h */ = {isa = PBXFileReference; fileEncoding = 4; lastKnownFileType = sourcecode.c.h; path = WCSeparateView.h; sourceTree = "<group>"; };
		1DA8C5111C75623A0031CB2F /* WCSeparateView.m */ = {isa = PBXFileReference; fileEncoding = 4; lastKnownFileType = sourcecode.c.objc; path = WCSeparateView.m; sourceTree = "<group>"; };
		1DA8C5131C7595270031CB2F /* WCHomeActionView.h */ = {isa = PBXFileReference; fileEncoding = 4; lastKnownFileType = sourcecode.c.h; path = WCHomeActionView.h; sourceTree = "<group>"; };
		1DA8C5141C7595270031CB2F /* WCHomeActionView.m */ = {isa = PBXFileReference; fileEncoding = 4; lastKnownFileType = sourcecode.c.objc; path = WCHomeActionView.m; sourceTree = "<group>"; };
		1DA8C5161C75956F0031CB2F /* WCHomeAdvertView.h */ = {isa = PBXFileReference; fileEncoding = 4; lastKnownFileType = sourcecode.c.h; path = WCHomeAdvertView.h; sourceTree = "<group>"; };
		1DA8C5171C75956F0031CB2F /* WCHomeAdvertView.m */ = {isa = PBXFileReference; fileEncoding = 4; lastKnownFileType = sourcecode.c.objc; path = WCHomeAdvertView.m; sourceTree = "<group>"; };
		1DA8C5191C7595B50031CB2F /* WCHomeNewsView.h */ = {isa = PBXFileReference; fileEncoding = 4; lastKnownFileType = sourcecode.c.h; path = WCHomeNewsView.h; sourceTree = "<group>"; };
		1DA8C51A1C7595B50031CB2F /* WCHomeNewsView.m */ = {isa = PBXFileReference; fileEncoding = 4; lastKnownFileType = sourcecode.c.objc; path = WCHomeNewsView.m; sourceTree = "<group>"; };
		1DA8C51C1C75A4CF0031CB2F /* WCButton.h */ = {isa = PBXFileReference; fileEncoding = 4; lastKnownFileType = sourcecode.c.h; path = WCButton.h; sourceTree = "<group>"; };
		1DA8C51D1C75A4CF0031CB2F /* WCButton.m */ = {isa = PBXFileReference; fileEncoding = 4; lastKnownFileType = sourcecode.c.objc; path = WCButton.m; sourceTree = "<group>"; };
		1DA8C51F1C76B3C00031CB2F /* Enum.h */ = {isa = PBXFileReference; fileEncoding = 4; lastKnownFileType = sourcecode.c.h; path = Enum.h; sourceTree = "<group>"; };
		1DA8C5201C76F0C00031CB2F /* WCImageView.h */ = {isa = PBXFileReference; fileEncoding = 4; lastKnownFileType = sourcecode.c.h; path = WCImageView.h; sourceTree = "<group>"; };
		1DA8C5211C76F0C00031CB2F /* WCImageView.m */ = {isa = PBXFileReference; fileEncoding = 4; lastKnownFileType = sourcecode.c.objc; path = WCImageView.m; sourceTree = "<group>"; };
		1DA8C5231C7AA2510031CB2F /* WCThread.h */ = {isa = PBXFileReference; fileEncoding = 4; lastKnownFileType = sourcecode.c.h; path = WCThread.h; sourceTree = "<group>"; };
		1DA8C5241C7AA2510031CB2F /* WCThread.m */ = {isa = PBXFileReference; fileEncoding = 4; lastKnownFileType = sourcecode.c.objc; path = WCThread.m; sourceTree = "<group>"; };
		1DA8C5291C854A210031CB2F /* WCBaseWebService.h */ = {isa = PBXFileReference; fileEncoding = 4; lastKnownFileType = sourcecode.c.h; path = WCBaseWebService.h; sourceTree = "<group>"; };
		1DA8C52A1C854A210031CB2F /* WCBaseWebService.m */ = {isa = PBXFileReference; fileEncoding = 4; lastKnownFileType = sourcecode.c.objc; path = WCBaseWebService.m; sourceTree = "<group>"; };
		1DA8C52D1C854ACA0031CB2F /* VersionControl.h */ = {isa = PBXFileReference; fileEncoding = 4; lastKnownFileType = sourcecode.c.h; path = VersionControl.h; sourceTree = "<group>"; };
		1DA8C52E1C8566F30031CB2F /* WCBaseAccess.h */ = {isa = PBXFileReference; fileEncoding = 4; lastKnownFileType = sourcecode.c.h; path = WCBaseAccess.h; sourceTree = "<group>"; };
		1DA8C52F1C8566F30031CB2F /* WCBaseAccess.m */ = {isa = PBXFileReference; fileEncoding = 4; lastKnownFileType = sourcecode.c.objc; path = WCBaseAccess.m; sourceTree = "<group>"; };
		1DA8C5351C86D88E0031CB2F /* NSError+WC.h */ = {isa = PBXFileReference; fileEncoding = 4; lastKnownFileType = sourcecode.c.h; path = "NSError+WC.h"; sourceTree = "<group>"; };
		1DA8C5361C86D88E0031CB2F /* NSError+WC.m */ = {isa = PBXFileReference; fileEncoding = 4; lastKnownFileType = sourcecode.c.objc; path = "NSError+WC.m"; sourceTree = "<group>"; };
		1DA8C5381C86E7D00031CB2F /* WCActivityAccess.h */ = {isa = PBXFileReference; fileEncoding = 4; lastKnownFileType = sourcecode.c.h; path = WCActivityAccess.h; sourceTree = "<group>"; };
		1DA8C5391C86E7D00031CB2F /* WCActivityAccess.m */ = {isa = PBXFileReference; fileEncoding = 4; lastKnownFileType = sourcecode.c.objc; path = WCActivityAccess.m; sourceTree = "<group>"; };
		1DA8C5C71C8D21370031CB2F /* WCBaseModel.h */ = {isa = PBXFileReference; fileEncoding = 4; lastKnownFileType = sourcecode.c.h; path = WCBaseModel.h; sourceTree = "<group>"; };
		1DA8C5C81C8D21370031CB2F /* WCBaseModel.m */ = {isa = PBXFileReference; fileEncoding = 4; lastKnownFileType = sourcecode.c.objc; path = WCBaseModel.m; sourceTree = "<group>"; };
		1DCCB4FF1C744C8200579501 /* WCBaseTableViewCell.h */ = {isa = PBXFileReference; fileEncoding = 4; lastKnownFileType = sourcecode.c.h; path = WCBaseTableViewCell.h; sourceTree = "<group>"; };
		1DCCB5001C744C8200579501 /* WCBaseTableViewCell.m */ = {isa = PBXFileReference; fileEncoding = 4; lastKnownFileType = sourcecode.c.objc; path = WCBaseTableViewCell.m; sourceTree = "<group>"; };
		1DCCB5021C7454D000579501 /* PrefixHeader.pch */ = {isa = PBXFileReference; lastKnownFileType = sourcecode.c.h; path = PrefixHeader.pch; sourceTree = "<group>"; };
		1DDF6AFE1C8D2F2800733FD8 /* WCAdvertising.h */ = {isa = PBXFileReference; fileEncoding = 4; lastKnownFileType = sourcecode.c.h; path = WCAdvertising.h; sourceTree = "<group>"; };
		1DDF6AFF1C8D2F2800733FD8 /* WCAdvertising.m */ = {isa = PBXFileReference; fileEncoding = 4; lastKnownFileType = sourcecode.c.objc; path = WCAdvertising.m; sourceTree = "<group>"; };
		1DECB3D31CA0F5E200AA8291 /* WCGoodsActivityProgram2Cell.h */ = {isa = PBXFileReference; fileEncoding = 4; lastKnownFileType = sourcecode.c.h; path = WCGoodsActivityProgram2Cell.h; sourceTree = "<group>"; };
		1DECB3D41CA0F5E200AA8291 /* WCGoodsActivityProgram2Cell.m */ = {isa = PBXFileReference; fileEncoding = 4; lastKnownFileType = sourcecode.c.objc; path = WCGoodsActivityProgram2Cell.m; sourceTree = "<group>"; };
		1DECB3D61CA0F5F900AA8291 /* WCGoodsActivityProgram3Cell.h */ = {isa = PBXFileReference; fileEncoding = 4; lastKnownFileType = sourcecode.c.h; path = WCGoodsActivityProgram3Cell.h; sourceTree = "<group>"; };
		1DECB3D71CA0F5F900AA8291 /* WCGoodsActivityProgram3Cell.m */ = {isa = PBXFileReference; fileEncoding = 4; lastKnownFileType = sourcecode.c.objc; path = WCGoodsActivityProgram3Cell.m; sourceTree = "<group>"; };
		1DF7E75D1C97B0C800A18C78 /* UIView+Ellipse.h */ = {isa = PBXFileReference; fileEncoding = 4; lastKnownFileType = sourcecode.c.h; path = "UIView+Ellipse.h"; sourceTree = "<group>"; };
		1DF7E75E1C97B0C800A18C78 /* UIView+Ellipse.m */ = {isa = PBXFileReference; fileEncoding = 4; lastKnownFileType = sourcecode.c.objc; path = "UIView+Ellipse.m"; sourceTree = "<group>"; };
		1DF7E7641C9F8F9F00A18C78 /* WCGoodsAction.h */ = {isa = PBXFileReference; fileEncoding = 4; lastKnownFileType = sourcecode.c.h; path = WCGoodsAction.h; sourceTree = "<group>"; };
		1DF7E7651C9F8F9F00A18C78 /* WCGoodsAction.m */ = {isa = PBXFileReference; fileEncoding = 4; lastKnownFileType = sourcecode.c.objc; path = WCGoodsAction.m; sourceTree = "<group>"; };
		1DF7E7671C9F8FC900A18C78 /* WCGoodsActs.h */ = {isa = PBXFileReference; fileEncoding = 4; lastKnownFileType = sourcecode.c.h; path = WCGoodsActs.h; sourceTree = "<group>"; };
		1DF7E7681C9F8FC900A18C78 /* WCGoodsActs.m */ = {isa = PBXFileReference; fileEncoding = 4; lastKnownFileType = sourcecode.c.objc; path = WCGoodsActs.m; sourceTree = "<group>"; };
		525322F63DA1AAE77EC41959 /* libPods.a */ = {isa = PBXFileReference; explicitFileType = archive.ar; includeInIndex = 0; path = libPods.a; sourceTree = BUILT_PRODUCTS_DIR; };
		694C5E4869C2F7B13E0471ED /* Pods.debug.xcconfig */ = {isa = PBXFileReference; includeInIndex = 1; lastKnownFileType = text.xcconfig; name = Pods.debug.xcconfig; path = "../Pods/Target Support Files/Pods/Pods.debug.xcconfig"; sourceTree = "<group>"; };
		C3C22655B013257B8E9F44F1 /* Pods.release.xcconfig */ = {isa = PBXFileReference; includeInIndex = 1; lastKnownFileType = text.xcconfig; name = Pods.release.xcconfig; path = "../Pods/Target Support Files/Pods/Pods.release.xcconfig"; sourceTree = "<group>"; };
/* End PBXFileReference section */

/* Begin PBXFrameworksBuildPhase section */
		1D62074D1C7182000069A2E5 /* Frameworks */ = {
			isa = PBXFrameworksBuildPhase;
			buildActionMask = 2147483647;
			files = (
				A6F331D64A413FCB2C900A1F /* libPods.a in Frameworks */,
			);
			runOnlyForDeploymentPostprocessing = 0;
		};
		1D6207661C7182000069A2E5 /* Frameworks */ = {
			isa = PBXFrameworksBuildPhase;
			buildActionMask = 2147483647;
			files = (
			);
			runOnlyForDeploymentPostprocessing = 0;
		};
		1D6207711C7182000069A2E5 /* Frameworks */ = {
			isa = PBXFrameworksBuildPhase;
			buildActionMask = 2147483647;
			files = (
			);
			runOnlyForDeploymentPostprocessing = 0;
		};
/* End PBXFrameworksBuildPhase section */

/* Begin PBXGroup section */
		0A4574047EC3D829C1A83A14 /* Frameworks */ = {
			isa = PBXGroup;
			children = (
				525322F63DA1AAE77EC41959 /* libPods.a */,
			);
			name = Frameworks;
			sourceTree = "<group>";
		};
		1D12DCAF1C73077600B88480 /* Headers */ = {
			isa = PBXGroup;
			children = (
				1D12DCB01C7307A500B88480 /* Macros.h */,
				1DA8C51F1C76B3C00031CB2F /* Enum.h */,
				1DA8C52D1C854ACA0031CB2F /* VersionControl.h */,
			);
			path = Headers;
			sourceTree = "<group>";
		};
		1D6207471C7182000069A2E5 = {
			isa = PBXGroup;
			children = (
				1D6207521C7182000069A2E5 /* wochudemo */,
				1D62076C1C7182000069A2E5 /* wochudemoTests */,
				1D6207771C7182000069A2E5 /* wochudemoUITests */,
				1D6207511C7182000069A2E5 /* Products */,
				0A4574047EC3D829C1A83A14 /* Frameworks */,
				B76CD6DE1D85CBFED68DA472 /* Pods */,
			);
			sourceTree = "<group>";
		};
		1D6207511C7182000069A2E5 /* Products */ = {
			isa = PBXGroup;
			children = (
				1D6207501C7182000069A2E5 /* wochudemo.app */,
				1D6207691C7182000069A2E5 /* wochudemoTests.xctest */,
				1D6207741C7182000069A2E5 /* wochudemoUITests.xctest */,
			);
			name = Products;
			sourceTree = "<group>";
		};
		1D6207521C7182000069A2E5 /* wochudemo */ = {
			isa = PBXGroup;
			children = (
				1D6207561C7182000069A2E5 /* AppDelegate.h */,
				1D6207571C7182000069A2E5 /* AppDelegate.m */,
				1D62075F1C7182000069A2E5 /* Assets.xcassets */,
				1D6207611C7182000069A2E5 /* LaunchScreen.storyboard */,
				1D12DCAF1C73077600B88480 /* Headers */,
				1DA8C5261C8549BD0031CB2F /* Utility */,
				1D62078D1C71B43D0069A2E5 /* Base */,
				1D6207861C71B1220069A2E5 /* Home(首页) */,
				1D6207531C7182000069A2E5 /* Supporting Files */,
			);
			path = wochudemo;
			sourceTree = "<group>";
		};
		1D6207531C7182000069A2E5 /* Supporting Files */ = {
			isa = PBXGroup;
			children = (
				1D6207641C7182000069A2E5 /* Info.plist */,
				1D6207541C7182000069A2E5 /* main.m */,
				1DCCB5021C7454D000579501 /* PrefixHeader.pch */,
			);
			name = "Supporting Files";
			sourceTree = "<group>";
		};
		1D62076C1C7182000069A2E5 /* wochudemoTests */ = {
			isa = PBXGroup;
			children = (
				1D62076D1C7182000069A2E5 /* wochudemoTests.m */,
				1D62076F1C7182000069A2E5 /* Info.plist */,
			);
			path = wochudemoTests;
			sourceTree = "<group>";
		};
		1D6207771C7182000069A2E5 /* wochudemoUITests */ = {
			isa = PBXGroup;
			children = (
				1D6207781C7182000069A2E5 /* wochudemoUITests.m */,
				1D62077A1C7182000069A2E5 /* Info.plist */,
			);
			path = wochudemoUITests;
			sourceTree = "<group>";
		};
		1D6207861C71B1220069A2E5 /* Home(首页) */ = {
			isa = PBXGroup;
			children = (
				1D62078B1C71B1D50069A2E5 /* WCHomePage.storyboard */,
				1D6207871C71B1A10069A2E5 /* Controller */,
				1D6207881C71B1A10069A2E5 /* Model */,
				1D6207891C71B1A10069A2E5 /* View */,
				1D62078A1C71B1A10069A2E5 /* ViewMoel */,
			);
			name = "Home(首页)";
			path = Home;
			sourceTree = "<group>";
		};
		1D6207871C71B1A10069A2E5 /* Controller */ = {
			isa = PBXGroup;
			children = (
				1D6207951C71B5040069A2E5 /* WCHomeViewController.h */,
				1D6207961C71B5040069A2E5 /* WCHomeViewController.m */,
			);
			path = Controller;
			sourceTree = "<group>";
		};
		1D6207881C71B1A10069A2E5 /* Model */ = {
			isa = PBXGroup;
			children = (
				1DDF6AFE1C8D2F2800733FD8 /* WCAdvertising.h */,
				1DDF6AFF1C8D2F2800733FD8 /* WCAdvertising.m */,
				1DF7E7631C9F8F9F00A18C78 /* WCGoodsActs */,
			);
			path = Model;
			sourceTree = "<group>";
		};
		1D6207891C71B1A10069A2E5 /* View */ = {
			isa = PBXGroup;
			children = (
				1D9D6B4C1C96AB6000DD1C27 /* CommonView */,
				1DA8C5021C7475910031CB2F /* HomeCell */,
				1D6207A41C71CF510069A2E5 /* HomeView */,
			);
			path = View;
			sourceTree = "<group>";
		};
		1D62078A1C71B1A10069A2E5 /* ViewMoel */ = {
			isa = PBXGroup;
			children = (
				1D6207A11C71C7520069A2E5 /* WCHomeViewModel.h */,
				1D6207A21C71C7520069A2E5 /* WCHomeViewModel.m */,
			);
			path = ViewMoel;
			sourceTree = "<group>";
		};
		1D62078D1C71B43D0069A2E5 /* Base */ = {
			isa = PBXGroup;
			children = (
				1D62078E1C71B43D0069A2E5 /* Controller */,
				1D62078F1C71B43D0069A2E5 /* Model */,
				1D6207901C71B43D0069A2E5 /* View */,
				1D6207911C71B43D0069A2E5 /* ViewModel */,
			);
			path = Base;
			sourceTree = "<group>";
		};
		1D62078E1C71B43D0069A2E5 /* Controller */ = {
			isa = PBXGroup;
			children = (
				1D6207921C71B4710069A2E5 /* WCBaseViewController.h */,
				1D6207931C71B4710069A2E5 /* WCBaseViewController.m */,
				1D6207981C71B8720069A2E5 /* WCBaseNavigationViewController.h */,
				1D6207991C71B8720069A2E5 /* WCBaseNavigationViewController.m */,
			);
			path = Controller;
			sourceTree = "<group>";
		};
		1D62078F1C71B43D0069A2E5 /* Model */ = {
			isa = PBXGroup;
			children = (
				1D62079B1C71C67C0069A2E5 /* WCObject.h */,
				1D62079C1C71C67C0069A2E5 /* WCObject.m */,
				1DA8C5231C7AA2510031CB2F /* WCThread.h */,
				1DA8C5241C7AA2510031CB2F /* WCThread.m */,
				1DA8C5C71C8D21370031CB2F /* WCBaseModel.h */,
				1DA8C5C81C8D21370031CB2F /* WCBaseModel.m */,
				1D6032891C8D52BC002E1665 /* WCBaseGoods.h */,
				1D60328A1C8D52BC002E1665 /* WCBaseGoods.m */,
			);
			path = Model;
			sourceTree = "<group>";
		};
		1D6207901C71B43D0069A2E5 /* View */ = {
			isa = PBXGroup;
			children = (
				1DA8C50F1C7561E80031CB2F /* CustomView */,
				1DCCB4FE1C74488100579501 /* Cell */,
			);
			path = View;
			sourceTree = "<group>";
		};
		1D6207911C71B43D0069A2E5 /* ViewModel */ = {
			isa = PBXGroup;
			children = (
				1D62079E1C71C6B50069A2E5 /* WCBaseViewModel.h */,
				1D62079F1C71C6B50069A2E5 /* WCBaseViewModel.m */,
			);
			path = ViewModel;
			sourceTree = "<group>";
		};
		1D6207A41C71CF510069A2E5 /* HomeView */ = {
			isa = PBXGroup;
			children = (
				1D6207A51C71CF700069A2E5 /* WCHomeHeaderView.h */,
				1D6207A61C71CF700069A2E5 /* WCHomeHeaderView.m */,
				1D6207A81C71CF8F0069A2E5 /* WCHomeTitleView.h */,
				1D6207A91C71CF8F0069A2E5 /* WCHomeTitleView.m */,
				1DA8C5131C7595270031CB2F /* WCHomeActionView.h */,
				1DA8C5141C7595270031CB2F /* WCHomeActionView.m */,
				1DA8C5161C75956F0031CB2F /* WCHomeAdvertView.h */,
				1DA8C5171C75956F0031CB2F /* WCHomeAdvertView.m */,
				1DA8C5191C7595B50031CB2F /* WCHomeNewsView.h */,
				1DA8C51A1C7595B50031CB2F /* WCHomeNewsView.m */,
			);
			path = HomeView;
			sourceTree = "<group>";
		};
		1D9D6B451C966E4700DD1C27 /* APPGlobal */ = {
			isa = PBXGroup;
			children = (
				1D9D6B461C966E7900DD1C27 /* WCAPPGlobal.h */,
				1D9D6B471C966E7900DD1C27 /* WCAPPGlobal.m */,
			);
			path = APPGlobal;
			sourceTree = "<group>";
		};
		1D9D6B4C1C96AB6000DD1C27 /* CommonView */ = {
			isa = PBXGroup;
			children = (
				1D9D6B4D1C96AC4D00DD1C27 /* WCGoodsView.h */,
				1D9D6B4E1C96AC4D00DD1C27 /* WCGoodsView.m */,
				1D9D6B501C96AC7A00DD1C27 /* WCGoodsView.xib */,
			);
			path = CommonView;
			sourceTree = "<group>";
		};
		1DA8C5021C7475910031CB2F /* HomeCell */ = {
			isa = PBXGroup;
			children = (
				1DA8C5091C7479750031CB2F /* WCBaseActivityProgramCell.h */,
				1DA8C50A1C7479750031CB2F /* WCBaseActivityProgramCell.m */,
				1DA8C50C1C7479C10031CB2F /* WCGoodsActivityProgram1Cell.h */,
				1DA8C50D1C7479C10031CB2F /* WCGoodsActivityProgram1Cell.m */,
				1DECB3D31CA0F5E200AA8291 /* WCGoodsActivityProgram2Cell.h */,
				1DECB3D41CA0F5E200AA8291 /* WCGoodsActivityProgram2Cell.m */,
				1DECB3D61CA0F5F900AA8291 /* WCGoodsActivityProgram3Cell.h */,
				1DECB3D71CA0F5F900AA8291 /* WCGoodsActivityProgram3Cell.m */,
				1D9D6B491C96A6EA00DD1C27 /* WCGoodsCell.h */,
				1D9D6B4A1C96A6EA00DD1C27 /* WCGoodsCell.m */,
			);
			path = HomeCell;
			sourceTree = "<group>";
		};
		1DA8C50F1C7561E80031CB2F /* CustomView */ = {
			isa = PBXGroup;
			children = (
				1DA8C5101C75623A0031CB2F /* WCSeparateView.h */,
				1DA8C5111C75623A0031CB2F /* WCSeparateView.m */,
				1DA8C51C1C75A4CF0031CB2F /* WCButton.h */,
				1DA8C51D1C75A4CF0031CB2F /* WCButton.m */,
				1DA8C5201C76F0C00031CB2F /* WCImageView.h */,
				1DA8C5211C76F0C00031CB2F /* WCImageView.m */,
			);
			path = CustomView;
			sourceTree = "<group>";
		};
		1DA8C5261C8549BD0031CB2F /* Utility */ = {
			isa = PBXGroup;
			children = (
				1D9D6B451C966E4700DD1C27 /* APPGlobal */,
				1DA8C5311C86D6ED0031CB2F /* Category */,
				1DA8C5271C8549BD0031CB2F /* APPHelp */,
				1DA8C5281C8549BD0031CB2F /* WebAccess */,
			);
			path = Utility;
			sourceTree = "<group>";
		};
		1DA8C5271C8549BD0031CB2F /* APPHelp */ = {
			isa = PBXGroup;
			children = (
				1D60328C1C8D74AE002E1665 /* WCVersion.h */,
				1D60328D1C8D74AE002E1665 /* WCVersion.m */,
			);
			path = APPHelp;
			sourceTree = "<group>";
		};
		1DA8C5281C8549BD0031CB2F /* WebAccess */ = {
			isa = PBXGroup;
			children = (
				1DA8C5381C86E7D00031CB2F /* WCActivityAccess.h */,
				1DA8C5391C86E7D00031CB2F /* WCActivityAccess.m */,
				1DA8C52E1C8566F30031CB2F /* WCBaseAccess.h */,
				1DA8C52F1C8566F30031CB2F /* WCBaseAccess.m */,
				1DA8C5291C854A210031CB2F /* WCBaseWebService.h */,
				1DA8C52A1C854A210031CB2F /* WCBaseWebService.m */,
			);
			path = WebAccess;
			sourceTree = "<group>";
		};
		1DA8C5311C86D6ED0031CB2F /* Category */ = {
			isa = PBXGroup;
			children = (
				1DA8C5351C86D88E0031CB2F /* NSError+WC.h */,
				1DA8C5361C86D88E0031CB2F /* NSError+WC.m */,
				1DF7E75D1C97B0C800A18C78 /* UIView+Ellipse.h */,
				1DF7E75E1C97B0C800A18C78 /* UIView+Ellipse.m */,
			);
			path = Category;
			sourceTree = "<group>";
		};
		1DCCB4FE1C74488100579501 /* Cell */ = {
			isa = PBXGroup;
			children = (
				1DCCB4FF1C744C8200579501 /* WCBaseTableViewCell.h */,
				1DCCB5001C744C8200579501 /* WCBaseTableViewCell.m */,
			);
			path = Cell;
			sourceTree = "<group>";
		};
		1DF7E7631C9F8F9F00A18C78 /* WCGoodsActs */ = {
			isa = PBXGroup;
			children = (
				1DF7E7641C9F8F9F00A18C78 /* WCGoodsAction.h */,
				1DF7E7651C9F8F9F00A18C78 /* WCGoodsAction.m */,
				1DF7E7671C9F8FC900A18C78 /* WCGoodsActs.h */,
				1DF7E7681C9F8FC900A18C78 /* WCGoodsActs.m */,
			);
			path = WCGoodsActs;
			sourceTree = "<group>";
		};
		B76CD6DE1D85CBFED68DA472 /* Pods */ = {
			isa = PBXGroup;
			children = (
				694C5E4869C2F7B13E0471ED /* Pods.debug.xcconfig */,
				C3C22655B013257B8E9F44F1 /* Pods.release.xcconfig */,
			);
			name = Pods;
			sourceTree = "<group>";
		};
/* End PBXGroup section */

/* Begin PBXNativeTarget section */
		1D62074F1C7182000069A2E5 /* wochudemo */ = {
			isa = PBXNativeTarget;
			buildConfigurationList = 1D62077D1C7182000069A2E5 /* Build configuration list for PBXNativeTarget "wochudemo" */;
			buildPhases = (
				0D73B4F04011E91F83CB894B /* Check Pods Manifest.lock */,
				1D62074C1C7182000069A2E5 /* Sources */,
				1D62074D1C7182000069A2E5 /* Frameworks */,
				1D62074E1C7182000069A2E5 /* Resources */,
				AC0C117BEFBB229A610EC1EE /* Embed Pods Frameworks */,
				B837EFACB22368E6E6356768 /* Copy Pods Resources */,
			);
			buildRules = (
			);
			dependencies = (
			);
			name = wochudemo;
			productName = wochudemo;
			productReference = 1D6207501C7182000069A2E5 /* wochudemo.app */;
			productType = "com.apple.product-type.application";
		};
		1D6207681C7182000069A2E5 /* wochudemoTests */ = {
			isa = PBXNativeTarget;
			buildConfigurationList = 1D6207801C7182000069A2E5 /* Build configuration list for PBXNativeTarget "wochudemoTests" */;
			buildPhases = (
				1D6207651C7182000069A2E5 /* Sources */,
				1D6207661C7182000069A2E5 /* Frameworks */,
				1D6207671C7182000069A2E5 /* Resources */,
			);
			buildRules = (
			);
			dependencies = (
				1D62076B1C7182000069A2E5 /* PBXTargetDependency */,
			);
			name = wochudemoTests;
			productName = wochudemoTests;
			productReference = 1D6207691C7182000069A2E5 /* wochudemoTests.xctest */;
			productType = "com.apple.product-type.bundle.unit-test";
		};
		1D6207731C7182000069A2E5 /* wochudemoUITests */ = {
			isa = PBXNativeTarget;
			buildConfigurationList = 1D6207831C7182000069A2E5 /* Build configuration list for PBXNativeTarget "wochudemoUITests" */;
			buildPhases = (
				1D6207701C7182000069A2E5 /* Sources */,
				1D6207711C7182000069A2E5 /* Frameworks */,
				1D6207721C7182000069A2E5 /* Resources */,
			);
			buildRules = (
			);
			dependencies = (
				1D6207761C7182000069A2E5 /* PBXTargetDependency */,
			);
			name = wochudemoUITests;
			productName = wochudemoUITests;
			productReference = 1D6207741C7182000069A2E5 /* wochudemoUITests.xctest */;
			productType = "com.apple.product-type.bundle.ui-testing";
		};
/* End PBXNativeTarget section */

/* Begin PBXProject section */
		1D6207481C7182000069A2E5 /* Project object */ = {
			isa = PBXProject;
			attributes = {
				CLASSPREFIX = WC;
				LastUpgradeCheck = 0720;
				ORGANIZATIONNAME = wochu_wdw;
				TargetAttributes = {
					1D62074F1C7182000069A2E5 = {
						CreatedOnToolsVersion = 7.2;
						DevelopmentTeam = U7H9E9DH94;
					};
					1D6207681C7182000069A2E5 = {
						CreatedOnToolsVersion = 7.2;
						DevelopmentTeam = U7H9E9DH94;
						TestTargetID = 1D62074F1C7182000069A2E5;
					};
					1D6207731C7182000069A2E5 = {
						CreatedOnToolsVersion = 7.2;
						DevelopmentTeam = U7H9E9DH94;
						TestTargetID = 1D62074F1C7182000069A2E5;
					};
				};
			};
			buildConfigurationList = 1D62074B1C7182000069A2E5 /* Build configuration list for PBXProject "wochudemo" */;
			compatibilityVersion = "Xcode 3.2";
			developmentRegion = English;
			hasScannedForEncodings = 0;
			knownRegions = (
				en,
				Base,
			);
			mainGroup = 1D6207471C7182000069A2E5;
			productRefGroup = 1D6207511C7182000069A2E5 /* Products */;
			projectDirPath = "";
			projectRoot = "";
			targets = (
				1D62074F1C7182000069A2E5 /* wochudemo */,
				1D6207681C7182000069A2E5 /* wochudemoTests */,
				1D6207731C7182000069A2E5 /* wochudemoUITests */,
			);
		};
/* End PBXProject section */

/* Begin PBXResourcesBuildPhase section */
		1D62074E1C7182000069A2E5 /* Resources */ = {
			isa = PBXResourcesBuildPhase;
			buildActionMask = 2147483647;
			files = (
				1D6207631C7182000069A2E5 /* LaunchScreen.storyboard in Resources */,
				1D9D6B511C96AC7A00DD1C27 /* WCGoodsView.xib in Resources */,
				1D6207601C7182000069A2E5 /* Assets.xcassets in Resources */,
				1D62078C1C71B1D50069A2E5 /* WCHomePage.storyboard in Resources */,
			);
			runOnlyForDeploymentPostprocessing = 0;
		};
		1D6207671C7182000069A2E5 /* Resources */ = {
			isa = PBXResourcesBuildPhase;
			buildActionMask = 2147483647;
			files = (
			);
			runOnlyForDeploymentPostprocessing = 0;
		};
		1D6207721C7182000069A2E5 /* Resources */ = {
			isa = PBXResourcesBuildPhase;
			buildActionMask = 2147483647;
			files = (
			);
			runOnlyForDeploymentPostprocessing = 0;
		};
/* End PBXResourcesBuildPhase section */

/* Begin PBXShellScriptBuildPhase section */
		0D73B4F04011E91F83CB894B /* Check Pods Manifest.lock */ = {
			isa = PBXShellScriptBuildPhase;
			buildActionMask = 2147483647;
			files = (
			);
			inputPaths = (
			);
			name = "Check Pods Manifest.lock";
			outputPaths = (
			);
			runOnlyForDeploymentPostprocessing = 0;
			shellPath = /bin/sh;
			shellScript = "diff \"${PODS_ROOT}/../Podfile.lock\" \"${PODS_ROOT}/Manifest.lock\" > /dev/null\nif [[ $? != 0 ]] ; then\n    cat << EOM\nerror: The sandbox is not in sync with the Podfile.lock. Run 'pod install' or update your CocoaPods installation.\nEOM\n    exit 1\nfi\n";
			showEnvVarsInLog = 0;
		};
		AC0C117BEFBB229A610EC1EE /* Embed Pods Frameworks */ = {
			isa = PBXShellScriptBuildPhase;
			buildActionMask = 2147483647;
			files = (
			);
			inputPaths = (
			);
			name = "Embed Pods Frameworks";
			outputPaths = (
			);
			runOnlyForDeploymentPostprocessing = 0;
			shellPath = /bin/sh;
			shellScript = "\"${SRCROOT}/../Pods/Target Support Files/Pods/Pods-frameworks.sh\"\n";
			showEnvVarsInLog = 0;
		};
		B837EFACB22368E6E6356768 /* Copy Pods Resources */ = {
			isa = PBXShellScriptBuildPhase;
			buildActionMask = 2147483647;
			files = (
			);
			inputPaths = (
			);
			name = "Copy Pods Resources";
			outputPaths = (
			);
			runOnlyForDeploymentPostprocessing = 0;
			shellPath = /bin/sh;
			shellScript = "\"${SRCROOT}/../Pods/Target Support Files/Pods/Pods-resources.sh\"\n";
			showEnvVarsInLog = 0;
		};
/* End PBXShellScriptBuildPhase section */

/* Begin PBXSourcesBuildPhase section */
		1D62074C1C7182000069A2E5 /* Sources */ = {
			isa = PBXSourcesBuildPhase;
			buildActionMask = 2147483647;
			files = (
				1DA8C5301C8566F30031CB2F /* WCBaseAccess.m in Sources */,
				1DA8C50E1C7479C10031CB2F /* WCGoodsActivityProgram1Cell.m in Sources */,
				1DA8C5181C75956F0031CB2F /* WCHomeAdvertView.m in Sources */,
				1DA8C50B1C7479750031CB2F /* WCBaseActivityProgramCell.m in Sources */,
				1DA8C5371C86D88E0031CB2F /* NSError+WC.m in Sources */,
				1D62079A1C71B8720069A2E5 /* WCBaseNavigationViewController.m in Sources */,
				1D6207941C71B4710069A2E5 /* WCBaseViewController.m in Sources */,
				1D6207A71C71CF700069A2E5 /* WCHomeHeaderView.m in Sources */,
				1DA8C52B1C854A210031CB2F /* WCBaseWebService.m in Sources */,
				1DCCB5011C744C8200579501 /* WCBaseTableViewCell.m in Sources */,
				1D60328E1C8D74AE002E1665 /* WCVersion.m in Sources */,
				1DA8C5C91C8D21370031CB2F /* WCBaseModel.m in Sources */,
				1D6207A01C71C6B50069A2E5 /* WCBaseViewModel.m in Sources */,
				1D6207A31C71C7520069A2E5 /* WCHomeViewModel.m in Sources */,
				1D62079D1C71C67C0069A2E5 /* WCObject.m in Sources */,
				1DECB3D51CA0F5E200AA8291 /* WCGoodsActivityProgram2Cell.m in Sources */,
				1D9D6B4F1C96AC4D00DD1C27 /* WCGoodsView.m in Sources */,
				1DA8C5121C75623A0031CB2F /* WCSeparateView.m in Sources */,
				1DF7E7661C9F8F9F00A18C78 /* WCGoodsAction.m in Sources */,
				1DA8C53A1C86E7D00031CB2F /* WCActivityAccess.m in Sources */,
				1DA8C5221C76F0C00031CB2F /* WCImageView.m in Sources */,
				1D9D6B4B1C96A6EA00DD1C27 /* WCGoodsCell.m in Sources */,
				1D6207AA1C71CF8F0069A2E5 /* WCHomeTitleView.m in Sources */,
				1DA8C5151C7595270031CB2F /* WCHomeActionView.m in Sources */,
				1D9D6B481C966E7900DD1C27 /* WCAPPGlobal.m in Sources */,
				1D6207581C7182000069A2E5 /* AppDelegate.m in Sources */,
				1DA8C51B1C7595B50031CB2F /* WCHomeNewsView.m in Sources */,
				1DA8C51E1C75A4CF0031CB2F /* WCButton.m in Sources */,
				1DDF6B001C8D2F2800733FD8 /* WCAdvertising.m in Sources */,
				1D60328B1C8D52BC002E1665 /* WCBaseGoods.m in Sources */,
				1DECB3D81CA0F5F900AA8291 /* WCGoodsActivityProgram3Cell.m in Sources */,
				1DF7E7691C9F8FC900A18C78 /* WCGoodsActs.m in Sources */,
				1D6207551C7182000069A2E5 /* main.m in Sources */,
				1DF7E75F1C97B0C800A18C78 /* UIView+Ellipse.m in Sources */,
				1D6207971C71B5040069A2E5 /* WCHomeViewController.m in Sources */,
				1DA8C5251C7AA2510031CB2F /* WCThread.m in Sources */,
			);
			runOnlyForDeploymentPostprocessing = 0;
		};
		1D6207651C7182000069A2E5 /* Sources */ = {
			isa = PBXSourcesBuildPhase;
			buildActionMask = 2147483647;
			files = (
				1D62076E1C7182000069A2E5 /* wochudemoTests.m in Sources */,
			);
			runOnlyForDeploymentPostprocessing = 0;
		};
		1D6207701C7182000069A2E5 /* Sources */ = {
			isa = PBXSourcesBuildPhase;
			buildActionMask = 2147483647;
			files = (
				1D6207791C7182000069A2E5 /* wochudemoUITests.m in Sources */,
			);
			runOnlyForDeploymentPostprocessing = 0;
		};
/* End PBXSourcesBuildPhase section */

/* Begin PBXTargetDependency section */
		1D62076B1C7182000069A2E5 /* PBXTargetDependency */ = {
			isa = PBXTargetDependency;
			target = 1D62074F1C7182000069A2E5 /* wochudemo */;
			targetProxy = 1D62076A1C7182000069A2E5 /* PBXContainerItemProxy */;
		};
		1D6207761C7182000069A2E5 /* PBXTargetDependency */ = {
			isa = PBXTargetDependency;
			target = 1D62074F1C7182000069A2E5 /* wochudemo */;
			targetProxy = 1D6207751C7182000069A2E5 /* PBXContainerItemProxy */;
		};
/* End PBXTargetDependency section */

/* Begin PBXVariantGroup section */
		1D6207611C7182000069A2E5 /* LaunchScreen.storyboard */ = {
			isa = PBXVariantGroup;
			children = (
				1D6207621C7182000069A2E5 /* Base */,
			);
			name = LaunchScreen.storyboard;
			sourceTree = "<group>";
		};
/* End PBXVariantGroup section */

/* Begin XCBuildConfiguration section */
		1D62077B1C7182000069A2E5 /* Debug */ = {
			isa = XCBuildConfiguration;
			buildSettings = {
				ALWAYS_SEARCH_USER_PATHS = NO;
				CLANG_CXX_LANGUAGE_STANDARD = "gnu++0x";
				CLANG_CXX_LIBRARY = "libc++";
				CLANG_ENABLE_MODULES = YES;
				CLANG_ENABLE_OBJC_ARC = YES;
				CLANG_WARN_BOOL_CONVERSION = YES;
				CLANG_WARN_CONSTANT_CONVERSION = YES;
				CLANG_WARN_DIRECT_OBJC_ISA_USAGE = YES_ERROR;
				CLANG_WARN_EMPTY_BODY = YES;
				CLANG_WARN_ENUM_CONVERSION = YES;
				CLANG_WARN_INT_CONVERSION = YES;
				CLANG_WARN_OBJC_ROOT_CLASS = YES_ERROR;
				CLANG_WARN_UNREACHABLE_CODE = YES;
				CLANG_WARN__DUPLICATE_METHOD_MATCH = YES;
				"CODE_SIGN_IDENTITY[sdk=iphoneos*]" = "iPhone Developer";
				COPY_PHASE_STRIP = NO;
				DEBUG_INFORMATION_FORMAT = dwarf;
				ENABLE_STRICT_OBJC_MSGSEND = YES;
				ENABLE_TESTABILITY = YES;
				GCC_C_LANGUAGE_STANDARD = gnu99;
				GCC_DYNAMIC_NO_PIC = NO;
				GCC_NO_COMMON_BLOCKS = YES;
				GCC_OPTIMIZATION_LEVEL = 0;
				GCC_PREPROCESSOR_DEFINITIONS = (
					"DEBUG=1",
					"$(inherited)",
				);
				GCC_WARN_64_TO_32_BIT_CONVERSION = YES;
				GCC_WARN_ABOUT_RETURN_TYPE = YES_ERROR;
				GCC_WARN_UNDECLARED_SELECTOR = YES;
				GCC_WARN_UNINITIALIZED_AUTOS = YES_AGGRESSIVE;
				GCC_WARN_UNUSED_FUNCTION = YES;
				GCC_WARN_UNUSED_VARIABLE = YES;
				IPHONEOS_DEPLOYMENT_TARGET = 9.2;
				MTL_ENABLE_DEBUG_INFO = YES;
				ONLY_ACTIVE_ARCH = YES;
				SDKROOT = iphoneos;
			};
			name = Debug;
		};
		1D62077C1C7182000069A2E5 /* Release */ = {
			isa = XCBuildConfiguration;
			buildSettings = {
				ALWAYS_SEARCH_USER_PATHS = NO;
				CLANG_CXX_LANGUAGE_STANDARD = "gnu++0x";
				CLANG_CXX_LIBRARY = "libc++";
				CLANG_ENABLE_MODULES = YES;
				CLANG_ENABLE_OBJC_ARC = YES;
				CLANG_WARN_BOOL_CONVERSION = YES;
				CLANG_WARN_CONSTANT_CONVERSION = YES;
				CLANG_WARN_DIRECT_OBJC_ISA_USAGE = YES_ERROR;
				CLANG_WARN_EMPTY_BODY = YES;
				CLANG_WARN_ENUM_CONVERSION = YES;
				CLANG_WARN_INT_CONVERSION = YES;
				CLANG_WARN_OBJC_ROOT_CLASS = YES_ERROR;
				CLANG_WARN_UNREACHABLE_CODE = YES;
				CLANG_WARN__DUPLICATE_METHOD_MATCH = YES;
				"CODE_SIGN_IDENTITY[sdk=iphoneos*]" = "iPhone Developer";
				COPY_PHASE_STRIP = NO;
				DEBUG_INFORMATION_FORMAT = "dwarf-with-dsym";
				ENABLE_NS_ASSERTIONS = NO;
				ENABLE_STRICT_OBJC_MSGSEND = YES;
				GCC_C_LANGUAGE_STANDARD = gnu99;
				GCC_NO_COMMON_BLOCKS = YES;
				GCC_WARN_64_TO_32_BIT_CONVERSION = YES;
				GCC_WARN_ABOUT_RETURN_TYPE = YES_ERROR;
				GCC_WARN_UNDECLARED_SELECTOR = YES;
				GCC_WARN_UNINITIALIZED_AUTOS = YES_AGGRESSIVE;
				GCC_WARN_UNUSED_FUNCTION = YES;
				GCC_WARN_UNUSED_VARIABLE = YES;
				IPHONEOS_DEPLOYMENT_TARGET = 9.2;
				MTL_ENABLE_DEBUG_INFO = NO;
				SDKROOT = iphoneos;
				VALIDATE_PRODUCT = YES;
			};
			name = Release;
		};
		1D62077E1C7182000069A2E5 /* Debug */ = {
			isa = XCBuildConfiguration;
			baseConfigurationReference = 694C5E4869C2F7B13E0471ED /* Pods.debug.xcconfig */;
			buildSettings = {
				ASSETCATALOG_COMPILER_APPICON_NAME = AppIcon;
				ASSETCATALOG_COMPILER_LAUNCHIMAGE_NAME = LaunchImage;
				CODE_SIGN_IDENTITY = "iPhone Developer: 2529287390@qq.com (2RT9UXR2K4)";
				GCC_PREFIX_HEADER = "$(SRCROOT)/wochudemo/PrefixHeader.pch";
				INFOPLIST_FILE = wochudemo/Info.plist;
				IPHONEOS_DEPLOYMENT_TARGET = 8.1;
				LD_RUNPATH_SEARCH_PATHS = "$(inherited) @executable_path/Frameworks";
				PRODUCT_BUNDLE_IDENTIFIER = com.wangdewu.wochudemo;
				PRODUCT_NAME = "$(TARGET_NAME)";
			};
			name = Debug;
		};
		1D62077F1C7182000069A2E5 /* Release */ = {
			isa = XCBuildConfiguration;
			baseConfigurationReference = C3C22655B013257B8E9F44F1 /* Pods.release.xcconfig */;
			buildSettings = {
				ASSETCATALOG_COMPILER_APPICON_NAME = AppIcon;
				ASSETCATALOG_COMPILER_LAUNCHIMAGE_NAME = LaunchImage;
				CODE_SIGN_IDENTITY = "iPhone Developer: 2529287390@qq.com (2RT9UXR2K4)";
				GCC_PREFIX_HEADER = "$(SRCROOT)/wochudemo/PrefixHeader.pch";
				INFOPLIST_FILE = wochudemo/Info.plist;
				IPHONEOS_DEPLOYMENT_TARGET = 8.1;
				LD_RUNPATH_SEARCH_PATHS = "$(inherited) @executable_path/Frameworks";
				PRODUCT_BUNDLE_IDENTIFIER = com.wangdewu.wochudemo;
				PRODUCT_NAME = "$(TARGET_NAME)";
			};
			name = Release;
		};
		1D6207811C7182000069A2E5 /* Debug */ = {
			isa = XCBuildConfiguration;
			buildSettings = {
				BUNDLE_LOADER = "$(TEST_HOST)";
				INFOPLIST_FILE = wochudemoTests/Info.plist;
				LD_RUNPATH_SEARCH_PATHS = "$(inherited) @executable_path/Frameworks @loader_path/Frameworks";
				PRODUCT_BUNDLE_IDENTIFIER = com.wangdewu.wochudemoTests;
				PRODUCT_NAME = "$(TARGET_NAME)";
				TEST_HOST = "$(BUILT_PRODUCTS_DIR)/wochudemo.app/wochudemo";
			};
			name = Debug;
		};
		1D6207821C7182000069A2E5 /* Release */ = {
			isa = XCBuildConfiguration;
			buildSettings = {
				BUNDLE_LOADER = "$(TEST_HOST)";
				INFOPLIST_FILE = wochudemoTests/Info.plist;
				LD_RUNPATH_SEARCH_PATHS = "$(inherited) @executable_path/Frameworks @loader_path/Frameworks";
				PRODUCT_BUNDLE_IDENTIFIER = com.wangdewu.wochudemoTests;
				PRODUCT_NAME = "$(TARGET_NAME)";
				TEST_HOST = "$(BUILT_PRODUCTS_DIR)/wochudemo.app/wochudemo";
			};
			name = Release;
		};
		1D6207841C7182000069A2E5 /* Debug */ = {
			isa = XCBuildConfiguration;
			buildSettings = {
				INFOPLIST_FILE = wochudemoUITests/Info.plist;
				LD_RUNPATH_SEARCH_PATHS = "$(inherited) @executable_path/Frameworks @loader_path/Frameworks";
				PRODUCT_BUNDLE_IDENTIFIER = com.wangdewu.wochudemoUITests;
				PRODUCT_NAME = "$(TARGET_NAME)";
				TEST_TARGET_NAME = wochudemo;
				USES_XCTRUNNER = YES;
			};
			name = Debug;
		};
		1D6207851C7182000069A2E5 /* Release */ = {
			isa = XCBuildConfiguration;
			buildSettings = {
				INFOPLIST_FILE = wochudemoUITests/Info.plist;
				LD_RUNPATH_SEARCH_PATHS = "$(inherited) @executable_path/Frameworks @loader_path/Frameworks";
				PRODUCT_BUNDLE_IDENTIFIER = com.wangdewu.wochudemoUITests;
				PRODUCT_NAME = "$(TARGET_NAME)";
				TEST_TARGET_NAME = wochudemo;
				USES_XCTRUNNER = YES;
			};
			name = Release;
		};
/* End XCBuildConfiguration section */

/* Begin XCConfigurationList section */
		1D62074B1C7182000069A2E5 /* Build configuration list for PBXProject "wochudemo" */ = {
			isa = XCConfigurationList;
			buildConfigurations = (
				1D62077B1C7182000069A2E5 /* Debug */,
				1D62077C1C7182000069A2E5 /* Release */,
			);
			defaultConfigurationIsVisible = 0;
			defaultConfigurationName = Release;
		};
		1D62077D1C7182000069A2E5 /* Build configuration list for PBXNativeTarget "wochudemo" */ = {
			isa = XCConfigurationList;
			buildConfigurations = (
				1D62077E1C7182000069A2E5 /* Debug */,
				1D62077F1C7182000069A2E5 /* Release */,
			);
			defaultConfigurationIsVisible = 0;
			defaultConfigurationName = Release;
		};
		1D6207801C7182000069A2E5 /* Build configuration list for PBXNativeTarget "wochudemoTests" */ = {
			isa = XCConfigurationList;
			buildConfigurations = (
				1D6207811C7182000069A2E5 /* Debug */,
				1D6207821C7182000069A2E5 /* Release */,
			);
			defaultConfigurationIsVisible = 0;
			defaultConfigurationName = Release;
		};
		1D6207831C7182000069A2E5 /* Build configuration list for PBXNativeTarget "wochudemoUITests" */ = {
			isa = XCConfigurationList;
			buildConfigurations = (
				1D6207841C7182000069A2E5 /* Debug */,
				1D6207851C7182000069A2E5 /* Release */,
			);
			defaultConfigurationIsVisible = 0;
			defaultConfigurationName = Release;
		};
/* End XCConfigurationList section */
	};
	rootObject = 1D6207481C7182000069A2E5 /* Project object */;
}
